
Microsoft Visual Studio Solution File, Format Version 12.00
# Visual Studio 15
VisualStudioVersion = 15.0.28010.2026
MinimumVisualStudioVersion = 10.0.40219.1
Project("{FAE04EC0-301F-11D3-BF4B-00C04F79EFBC}") = "SQL C-Sharp Demo 2017", "SQL C-Sharp Demo 2017\SQL C-Sharp Demo 2017.csproj", "{0D8B1B66-48EE-434F-9063-336D52BE23C1}"
EndProject
Global
	GlobalSection(SolutionConfigurationPlatforms) = preSolution
		Debug|x86 = Debug|x86
		Release|x86 = Release|x86
	EndGlobalSection
	GlobalSection(ProjectConfigurationPlatforms) = postSolution
		{0D8B1B66-48EE-434F-9063-336D52BE23C1}.Debug|x86.ActiveCfg = Debug|x86
		{0D8B1B66-48EE-434F-9063-336D52BE23C1}.Debug|x86.Build.0 = Debug|x86
		{0D8B1B66-48EE-434F-9063-336D52BE23C1}.Release|x86.ActiveCfg = Release|x86
		{0D8B1B66-48EE-434F-9063-336D52BE23C1}.Release|x86.Build.0 = Release|x86
	EndGlobalSection
	GlobalSection(SolutionProperties) = preSolution
		HideSolutionNode = FALSE
	EndGlobalSection
	GlobalSection(ExtensibilityGlobals) = postSolution
		SolutionGuid = {A75D4AFE-FE88-4919-9AFE-BD50097611B0}
	EndGlobalSection
EndGlobal
